
Microsoft Visual Studio Solution File, Format Version 12.00
# Visual Studio Version 16
VisualStudioVersion = 16.0.31410.357
MinimumVisualStudioVersion = 10.0.40219.1
Project("{FAE04EC0-301F-11D3-BF4B-00C04F79EFBC}") = "SearchCoppyFolder", "SearchCoppyFolder\SearchCoppyFolder.csproj", "{5472020A-3DC6-422C-8750-2D3ED1E68FBA}"
EndProject
Global
	GlobalSection(SolutionConfigurationPlatforms) = preSolution
		Debug|Any CPU = Debug|Any CPU
		Release|Any CPU = Release|Any CPU
	EndGlobalSection
	GlobalSection(ProjectConfigurationPlatforms) = postSolution
		{5472020A-3DC6-422C-8750-2D3ED1E68FBA}.Debug|Any CPU.ActiveCfg = Debug|Any CPU
		{5472020A-3DC6-422C-8750-2D3ED1E68FBA}.Debug|Any CPU.Build.0 = Debug|Any CPU
		{5472020A-3DC6-422C-8750-2D3ED1E68FBA}.Release|Any CPU.ActiveCfg = Release|Any CPU
		{5472020A-3DC6-422C-8750-2D3ED1E68FBA}.Release|Any CPU.Build.0 = Release|Any CPU
	EndGlobalSection
	GlobalSection(SolutionProperties) = preSolution
		HideSolutionNode = FALSE
	EndGlobalSection
	GlobalSection(ExtensibilityGlobals) = postSolution
		SolutionGuid = {7D31A03E-B099-48C9-996D-3571BB95BA55}
	EndGlobalSection
EndGlobal
